
Microsoft Visual Studio Solution File, Format Version 12.00
# Visual Studio Version 17
VisualStudioVersion = 17.4.33205.214
MinimumVisualStudioVersion = 10.0.40219.1
Project("{FAE04EC0-301F-11D3-BF4B-00C04F79EFBC}") = "Eyes", "Eyes\Eyes.csproj", "{E63DB5E5-7F61-4568-8095-2A5C2403B0A7}"
EndProject
Global
	GlobalSection(SolutionConfigurationPlatforms) = preSolution
		Debug|Any CPU = Debug|Any CPU
		Release|Any CPU = Release|Any CPU
	EndGlobalSection
	GlobalSection(ProjectConfigurationPlatforms) = postSolution
		{E63DB5E5-7F61-4568-8095-2A5C2403B0A7}.Debug|Any CPU.ActiveCfg = Debug|Any CPU
		{E63DB5E5-7F61-4568-8095-2A5C2403B0A7}.Debug|Any CPU.Build.0 = Debug|Any CPU
		{E63DB5E5-7F61-4568-8095-2A5C2403B0A7}.Release|Any CPU.ActiveCfg = Release|Any CPU
		{E63DB5E5-7F61-4568-8095-2A5C2403B0A7}.Release|Any CPU.Build.0 = Release|Any CPU
	EndGlobalSection
	GlobalSection(SolutionProperties) = preSolution
		HideSolutionNode = FALSE
	EndGlobalSection
	GlobalSection(ExtensibilityGlobals) = postSolution
		SolutionGuid = {244961EC-B5F4-4D7D-B1CD-CDEB436C2A7B}
	EndGlobalSection
EndGlobal
